// !$*UTF8*$!
{
	archiveVersion = 1;
	classes = {
	};
	objectVersion = 56;
	objects = {

/* Begin PBXBuildFile section */
		44079252293F90C400252545 /* AppDelegate.swift in Sources */ = {isa = PBXBuildFile; fileRef = 44079251293F90C400252545 /* AppDelegate.swift */; };
		44079256293F90C400252545 /* ViewController.swift in Sources */ = {isa = PBXBuildFile; fileRef = 44079255293F90C400252545 /* ViewController.swift */; };
		44079259293F90C400252545 /* Main.storyboard in Resources */ = {isa = PBXBuildFile; fileRef = 44079257293F90C400252545 /* Main.storyboard */; };
		4407925B293F90C600252545 /* Assets.xcassets in Resources */ = {isa = PBXBuildFile; fileRef = 4407925A293F90C600252545 /* Assets.xcassets */; };
		4407925E293F90C600252545 /* LaunchScreen.storyboard in Resources */ = {isa = PBXBuildFile; fileRef = 4407925C293F90C600252545 /* LaunchScreen.storyboard */; };
		440792692942190F00252545 /* LoginViewController.swift in Sources */ = {isa = PBXBuildFile; fileRef = 440792682942190F00252545 /* LoginViewController.swift */; };
		44743C9C29953E3B00556F06 /* UIControlPublish.swift in Sources */ = {isa = PBXBuildFile; fileRef = 44743C9B29953E3B00556F06 /* UIControlPublish.swift */; };
		448279882976BFC100EBEF35 /* TimerViewController.swift in Sources */ = {isa = PBXBuildFile; fileRef = 448279872976BFC100EBEF35 /* TimerViewController.swift */; };
		4482798A297D6CBD00EBEF35 /* TableTableViewController.swift in Sources */ = {isa = PBXBuildFile; fileRef = 44827989297D6CBD00EBEF35 /* TableTableViewController.swift */; };
		4482798C297F7C3700EBEF35 /* NextViewController.swift in Sources */ = {isa = PBXBuildFile; fileRef = 4482798B297F7C3700EBEF35 /* NextViewController.swift */; };
		4482798E2980CE0C00EBEF35 /* OtherViewController.swift in Sources */ = {isa = PBXBuildFile; fileRef = 4482798D2980CE0C00EBEF35 /* OtherViewController.swift */; };
		AEF1C1B38C0569302E826C8C /* Pods_CombineDemo.framework in Frameworks */ = {isa = PBXBuildFile; fileRef = BCF9C45E37D6E48A1AA24FE0 /* Pods_CombineDemo.framework */; };
/* End PBXBuildFile section */

/* Begin PBXFileReference section */
		1985EF58FDD084BA638E4F4D /* Pods-CombineDemo.debug.xcconfig */ = {isa = PBXFileReference; includeInIndex = 1; lastKnownFileType = text.xcconfig; name = "Pods-CombineDemo.debug.xcconfig"; path = "Target Support Files/Pods-CombineDemo/Pods-CombineDemo.debug.xcconfig"; sourceTree = "<group>"; };
		4407924E293F90C400252545 /* CombineDemo.app */ = {isa = PBXFileReference; explicitFileType = wrapper.application; includeInIndex = 0; path = CombineDemo.app; sourceTree = BUILT_PRODUCTS_DIR; };
		44079251293F90C400252545 /* AppDelegate.swift */ = {isa = PBXFileReference; lastKnownFileType = sourcecode.swift; path = AppDelegate.swift; sourceTree = "<group>"; };
		44079255293F90C400252545 /* ViewController.swift */ = {isa = PBXFileReference; lastKnownFileType = sourcecode.swift; path = ViewController.swift; sourceTree = "<group>"; };
		44079258293F90C400252545 /* Base */ = {isa = PBXFileReference; lastKnownFileType = file.storyboard; name = Base; path = Base.lproj/Main.storyboard; sourceTree = "<group>"; };
		4407925A293F90C600252545 /* Assets.xcassets */ = {isa = PBXFileReference; lastKnownFileType = folder.assetcatalog; path = Assets.xcassets; sourceTree = "<group>"; };
		4407925D293F90C600252545 /* Base */ = {isa = PBXFileReference; lastKnownFileType = file.storyboard; name = Base; path = Base.lproj/LaunchScreen.storyboard; sourceTree = "<group>"; };
		4407925F293F90C600252545 /* Info.plist */ = {isa = PBXFileReference; lastKnownFileType = text.plist.xml; path = Info.plist; sourceTree = "<group>"; };
		440792682942190F00252545 /* LoginViewController.swift */ = {isa = PBXFileReference; lastKnownFileType = sourcecode.swift; path = LoginViewController.swift; sourceTree = "<group>"; };
		44743C9B29953E3B00556F06 /* UIControlPublish.swift */ = {isa = PBXFileReference; lastKnownFileType = sourcecode.swift; path = UIControlPublish.swift; sourceTree = "<group>"; };
		448279872976BFC100EBEF35 /* TimerViewController.swift */ = {isa = PBXFileReference; lastKnownFileType = sourcecode.swift; path = TimerViewController.swift; sourceTree = "<group>"; };
		44827989297D6CBD00EBEF35 /* TableTableViewController.swift */ = {isa = PBXFileReference; lastKnownFileType = sourcecode.swift; path = TableTableViewController.swift; sourceTree = "<group>"; };
		4482798B297F7C3700EBEF35 /* NextViewController.swift */ = {isa = PBXFileReference; lastKnownFileType = sourcecode.swift; path = NextViewController.swift; sourceTree = "<group>"; };
		4482798D2980CE0C00EBEF35 /* OtherViewController.swift */ = {isa = PBXFileReference; lastKnownFileType = sourcecode.swift; path = OtherViewController.swift; sourceTree = "<group>"; };
		B959BA482BCAEF1C638B9D58 /* Pods-CombineDemo.release.xcconfig */ = {isa = PBXFileReference; includeInIndex = 1; lastKnownFileType = text.xcconfig; name = "Pods-CombineDemo.release.xcconfig"; path = "Target Support Files/Pods-CombineDemo/Pods-CombineDemo.release.xcconfig"; sourceTree = "<group>"; };
		BCF9C45E37D6E48A1AA24FE0 /* Pods_CombineDemo.framework */ = {isa = PBXFileReference; explicitFileType = wrapper.framework; includeInIndex = 0; path = Pods_CombineDemo.framework; sourceTree = BUILT_PRODUCTS_DIR; };
/* End PBXFileReference section */

/* Begin PBXFrameworksBuildPhase section */
		4407924B293F90C400252545 /* Frameworks */ = {
			isa = PBXFrameworksBuildPhase;
			buildActionMask = 2147483647;
			files = (
				AEF1C1B38C0569302E826C8C /* Pods_CombineDemo.framework in Frameworks */,
			);
			runOnlyForDeploymentPostprocessing = 0;
		};
/* End PBXFrameworksBuildPhase section */

/* Begin PBXGroup section */
		1DD0FDC29418869EC2A4A282 /* Pods */ = {
			isa = PBXGroup;
			children = (
				1985EF58FDD084BA638E4F4D /* Pods-CombineDemo.debug.xcconfig */,
				B959BA482BCAEF1C638B9D58 /* Pods-CombineDemo.release.xcconfig */,
			);
			path = Pods;
			sourceTree = "<group>";
		};
		44079245293F90C400252545 = {
			isa = PBXGroup;
			children = (
				44079250293F90C400252545 /* CombineDemo */,
				4407924F293F90C400252545 /* Products */,
				1DD0FDC29418869EC2A4A282 /* Pods */,
				8771F69F46BDC42CB7F08F4A /* Frameworks */,
			);
			sourceTree = "<group>";
		};
		4407924F293F90C400252545 /* Products */ = {
			isa = PBXGroup;
			children = (
				4407924E293F90C400252545 /* CombineDemo.app */,
			);
			name = Products;
			sourceTree = "<group>";
		};
		44079250293F90C400252545 /* CombineDemo */ = {
			isa = PBXGroup;
			children = (
				440792652942161700252545 /* DemoList */,
				44079251293F90C400252545 /* AppDelegate.swift */,
				44079255293F90C400252545 /* ViewController.swift */,
				44079257293F90C400252545 /* Main.storyboard */,
				4407925A293F90C600252545 /* Assets.xcassets */,
				4407925C293F90C600252545 /* LaunchScreen.storyboard */,
				4407925F293F90C600252545 /* Info.plist */,
				44743C9B29953E3B00556F06 /* UIControlPublish.swift */,
			);
			path = CombineDemo;
			sourceTree = "<group>";
		};
		440792652942161700252545 /* DemoList */ = {
			isa = PBXGroup;
			children = (
				440792682942190F00252545 /* LoginViewController.swift */,
				448279872976BFC100EBEF35 /* TimerViewController.swift */,
				44827989297D6CBD00EBEF35 /* TableTableViewController.swift */,
				4482798B297F7C3700EBEF35 /* NextViewController.swift */,
				4482798D2980CE0C00EBEF35 /* OtherViewController.swift */,
			);
			path = DemoList;
			sourceTree = "<group>";
		};
		8771F69F46BDC42CB7F08F4A /* Frameworks */ = {
			isa = PBXGroup;
			children = (
				BCF9C45E37D6E48A1AA24FE0 /* Pods_CombineDemo.framework */,
			);
			name = Frameworks;
			sourceTree = "<group>";
		};
/* End PBXGroup section */

/* Begin PBXNativeTarget section */
		4407924D293F90C400252545 /* CombineDemo */ = {
			isa = PBXNativeTarget;
			buildConfigurationList = 44079262293F90C600252545 /* Build configuration list for PBXNativeTarget "CombineDemo" */;
			buildPhases = (
				1B93FC87C1F2525844F7809A /* [CP] Check Pods Manifest.lock */,
				4407924A293F90C400252545 /* Sources */,
				4407924B293F90C400252545 /* Frameworks */,
				4407924C293F90C400252545 /* Resources */,
				1E90AC9D6146A9863C8E86C5 /* [CP] Embed Pods Frameworks */,
			);
			buildRules = (
			);
			dependencies = (
			);
			name = CombineDemo;
			productName = CombineDemo;
			productReference = 4407924E293F90C400252545 /* CombineDemo.app */;
			productType = "com.apple.product-type.application";
		};
/* End PBXNativeTarget section */

/* Begin PBXProject section */
		44079246293F90C400252545 /* Project object */ = {
			isa = PBXProject;
			attributes = {
				BuildIndependentTargetsInParallel = 1;
				LastSwiftUpdateCheck = 1410;
				LastUpgradeCheck = 1410;
				TargetAttributes = {
					4407924D293F90C400252545 = {
						CreatedOnToolsVersion = 14.1;
					};
				};
			};
			buildConfigurationList = 44079249293F90C400252545 /* Build configuration list for PBXProject "CombineDemo" */;
			compatibilityVersion = "Xcode 14.0";
			developmentRegion = en;
			hasScannedForEncodings = 0;
			knownRegions = (
				en,
				Base,
			);
			mainGroup = 44079245293F90C400252545;
			productRefGroup = 4407924F293F90C400252545 /* Products */;
			projectDirPath = "";
			projectRoot = "";
			targets = (
				4407924D293F90C400252545 /* CombineDemo */,
			);
		};
/* End PBXProject section */

/* Begin PBXResourcesBuildPhase section */
		4407924C293F90C400252545 /* Resources */ = {
			isa = PBXResourcesBuildPhase;
			buildActionMask = 2147483647;
			files = (
				4407925E293F90C600252545 /* LaunchScreen.storyboard in Resources */,
				4407925B293F90C600252545 /* Assets.xcassets in Resources */,
				44079259293F90C400252545 /* Main.storyboard in Resources */,
			);
			runOnlyForDeploymentPostprocessing = 0;
		};
/* End PBXResourcesBuildPhase section */

/* Begin PBXShellScriptBuildPhase section */
		1B93FC87C1F2525844F7809A /* [CP] Check Pods Manifest.lock */ = {
			isa = PBXShellScriptBuildPhase;
			buildActionMask = 2147483647;
			files = (
			);
			inputFileListPaths = (
			);
			inputPaths = (
				"${PODS_PODFILE_DIR_PATH}/Podfile.lock",
				"${PODS_ROOT}/Manifest.lock",
			);
			name = "[CP] Check Pods Manifest.lock";
			outputFileListPaths = (
			);
			outputPaths = (
				"$(DERIVED_FILE_DIR)/Pods-CombineDemo-checkManifestLockResult.txt",
			);
			runOnlyForDeploymentPostprocessing = 0;
			shellPath = /bin/sh;
			shellScript = "diff \"${PODS_PODFILE_DIR_PATH}/Podfile.lock\" \"${PODS_ROOT}/Manifest.lock\" > /dev/null\nif [ $? != 0 ] ; then\n    # print error to STDERR\n    echo \"error: The sandbox is not in sync with the Podfile.lock. Run 'pod install' or update your CocoaPods installation.\" >&2\n    exit 1\nfi\n# This output is used by Xcode 'outputs' to avoid re-running this script phase.\necho \"SUCCESS\" > \"${SCRIPT_OUTPUT_FILE_0}\"\n";
			showEnvVarsInLog = 0;
		};
		1E90AC9D6146A9863C8E86C5 /* [CP] Embed Pods Frameworks */ = {
			isa = PBXShellScriptBuildPhase;
			buildActionMask = 2147483647;
			files = (
			);
			inputFileListPaths = (
				"${PODS_ROOT}/Target Support Files/Pods-CombineDemo/Pods-CombineDemo-frameworks-${CONFIGURATION}-input-files.xcfilelist",
			);
			name = "[CP] Embed Pods Frameworks";
			outputFileListPaths = (
				"${PODS_ROOT}/Target Support Files/Pods-CombineDemo/Pods-CombineDemo-frameworks-${CONFIGURATION}-output-files.xcfilelist",
			);
			runOnlyForDeploymentPostprocessing = 0;
			shellPath = /bin/sh;
			shellScript = "\"${PODS_ROOT}/Target Support Files/Pods-CombineDemo/Pods-CombineDemo-frameworks.sh\"\n";
			showEnvVarsInLog = 0;
		};
/* End PBXShellScriptBuildPhase section */

/* Begin PBXSourcesBuildPhase section */
		4407924A293F90C400252545 /* Sources */ = {
			isa = PBXSourcesBuildPhase;
			buildActionMask = 2147483647;
			files = (
				4482798A297D6CBD00EBEF35 /* TableTableViewController.swift in Sources */,
				4482798C297F7C3700EBEF35 /* NextViewController.swift in Sources */,
				4482798E2980CE0C00EBEF35 /* OtherViewController.swift in Sources */,
				448279882976BFC100EBEF35 /* TimerViewController.swift in Sources */,
				440792692942190F00252545 /* LoginViewController.swift in Sources */,
				44079256293F90C400252545 /* ViewController.swift in Sources */,
				44079252293F90C400252545 /* AppDelegate.swift in Sources */,
				44743C9C29953E3B00556F06 /* UIControlPublish.swift in Sources */,
			);
			runOnlyForDeploymentPostprocessing = 0;
		};
/* End PBXSourcesBuildPhase section */

/* Begin PBXVariantGroup section */
		44079257293F90C400252545 /* Main.storyboard */ = {
			isa = PBXVariantGroup;
			children = (
				44079258293F90C400252545 /* Base */,
			);
			name = Main.storyboard;
			sourceTree = "<group>";
		};
		4407925C293F90C600252545 /* LaunchScreen.storyboard */ = {
			isa = PBXVariantGroup;
			children = (
				4407925D293F90C600252545 /* Base */,
			);
			name = LaunchScreen.storyboard;
			sourceTree = "<group>";
		};
/* End PBXVariantGroup section */

/* Begin XCBuildConfiguration section */
		44079260293F90C600252545 /* Debug */ = {
			isa = XCBuildConfiguration;
			buildSettings = {
				ALWAYS_SEARCH_USER_PATHS = NO;
				CLANG_ANALYZER_NONNULL = YES;
				CLANG_ANALYZER_NUMBER_OBJECT_CONVERSION = YES_AGGRESSIVE;
				CLANG_CXX_LANGUAGE_STANDARD = "gnu++20";
				CLANG_ENABLE_MODULES = YES;
				CLANG_ENABLE_OBJC_ARC = YES;
				CLANG_ENABLE_OBJC_WEAK = YES;
				CLANG_WARN_BLOCK_CAPTURE_AUTORELEASING = YES;
				CLANG_WARN_BOOL_CONVERSION = YES;
				CLANG_WARN_COMMA = YES;
				CLANG_WARN_CONSTANT_CONVERSION = YES;
				CLANG_WARN_DEPRECATED_OBJC_IMPLEMENTATIONS = YES;
				CLANG_WARN_DIRECT_OBJC_ISA_USAGE = YES_ERROR;
				CLANG_WARN_DOCUMENTATION_COMMENTS = YES;
				CLANG_WARN_EMPTY_BODY = YES;
				CLANG_WARN_ENUM_CONVERSION = YES;
				CLANG_WARN_INFINITE_RECURSION = YES;
				CLANG_WARN_INT_CONVERSION = YES;
				CLANG_WARN_NON_LITERAL_NULL_CONVERSION = YES;
				CLANG_WARN_OBJC_IMPLICIT_RETAIN_SELF = YES;
				CLANG_WARN_OBJC_LITERAL_CONVERSION = YES;
				CLANG_WARN_OBJC_ROOT_CLASS = YES_ERROR;
				CLANG_WARN_QUOTED_INCLUDE_IN_FRAMEWORK_HEADER = YES;
				CLANG_WARN_RANGE_LOOP_ANALYSIS = YES;
				CLANG_WARN_STRICT_PROTOTYPES = YES;
				CLANG_WARN_SUSPICIOUS_MOVE = YES;
				CLANG_WARN_UNGUARDED_AVAILABILITY = YES_AGGRESSIVE;
				CLANG_WARN_UNREACHABLE_CODE = YES;
				CLANG_WARN__DUPLICATE_METHOD_MATCH = YES;
				COPY_PHASE_STRIP = NO;
				DEBUG_INFORMATION_FORMAT = dwarf;
				ENABLE_STRICT_OBJC_MSGSEND = YES;
				ENABLE_TESTABILITY = YES;
				GCC_C_LANGUAGE_STANDARD = gnu11;
				GCC_DYNAMIC_NO_PIC = NO;
				GCC_NO_COMMON_BLOCKS = YES;
				GCC_OPTIMIZATION_LEVEL = 0;
				GCC_PREPROCESSOR_DEFINITIONS = (
					"DEBUG=1",
					"$(inherited)",
				);
				GCC_WARN_64_TO_32_BIT_CONVERSION = YES;
				GCC_WARN_ABOUT_RETURN_TYPE = YES_ERROR;
				GCC_WARN_UNDECLARED_SELECTOR = YES;
				GCC_WARN_UNINITIALIZED_AUTOS = YES_AGGRESSIVE;
				GCC_WARN_UNUSED_FUNCTION = YES;
				GCC_WARN_UNUSED_VARIABLE = YES;
				IPHONEOS_DEPLOYMENT_TARGET = 16.1;
				MTL_ENABLE_DEBUG_INFO = INCLUDE_SOURCE;
				MTL_FAST_MATH = YES;
				ONLY_ACTIVE_ARCH = YES;
				SDKROOT = iphoneos;
				SWIFT_ACTIVE_COMPILATION_CONDITIONS = DEBUG;
				SWIFT_OPTIMIZATION_LEVEL = "-Onone";
			};
			name = Debug;
		};
		44079261293F90C600252545 /* Release */ = {
			isa = XCBuildConfiguration;
			buildSettings = {
				ALWAYS_SEARCH_USER_PATHS = NO;
				CLANG_ANALYZER_NONNULL = YES;
				CLANG_ANALYZER_NUMBER_OBJECT_CONVERSION = YES_AGGRESSIVE;
				CLANG_CXX_LANGUAGE_STANDARD = "gnu++20";
				CLANG_ENABLE_MODULES = YES;
				CLANG_ENABLE_OBJC_ARC = YES;
				CLANG_ENABLE_OBJC_WEAK = YES;
				CLANG_WARN_BLOCK_CAPTURE_AUTORELEASING = YES;
				CLANG_WARN_BOOL_CONVERSION = YES;
				CLANG_WARN_COMMA = YES;
				CLANG_WARN_CONSTANT_CONVERSION = YES;
				CLANG_WARN_DEPRECATED_OBJC_IMPLEMENTATIONS = YES;
				CLANG_WARN_DIRECT_OBJC_ISA_USAGE = YES_ERROR;
				CLANG_WARN_DOCUMENTATION_COMMENTS = YES;
				CLANG_WARN_EMPTY_BODY = YES;
				CLANG_WARN_ENUM_CONVERSION = YES;
				CLANG_WARN_INFINITE_RECURSION = YES;
				CLANG_WARN_INT_CONVERSION = YES;
				CLANG_WARN_NON_LITERAL_NULL_CONVERSION = YES;
				CLANG_WARN_OBJC_IMPLICIT_RETAIN_SELF = YES;
				CLANG_WARN_OBJC_LITERAL_CONVERSION = YES;
				CLANG_WARN_OBJC_ROOT_CLASS = YES_ERROR;
				CLANG_WARN_QUOTED_INCLUDE_IN_FRAMEWORK_HEADER = YES;
				CLANG_WARN_RANGE_LOOP_ANALYSIS = YES;
				CLANG_WARN_STRICT_PROTOTYPES = YES;
				CLANG_WARN_SUSPICIOUS_MOVE = YES;
				CLANG_WARN_UNGUARDED_AVAILABILITY = YES_AGGRESSIVE;
				CLANG_WARN_UNREACHABLE_CODE = YES;
				CLANG_WARN__DUPLICATE_METHOD_MATCH = YES;
				COPY_PHASE_STRIP = NO;
				DEBUG_INFORMATION_FORMAT = "dwarf-with-dsym";
				ENABLE_NS_ASSERTIONS = NO;
				ENABLE_STRICT_OBJC_MSGSEND = YES;
				GCC_C_LANGUAGE_STANDARD = gnu11;
				GCC_NO_COMMON_BLOCKS = YES;
				GCC_WARN_64_TO_32_BIT_CONVERSION = YES;
				GCC_WARN_ABOUT_RETURN_TYPE = YES_ERROR;
				GCC_WARN_UNDECLARED_SELECTOR = YES;
				GCC_WARN_UNINITIALIZED_AUTOS = YES_AGGRESSIVE;
				GCC_WARN_UNUSED_FUNCTION = YES;
				GCC_WARN_UNUSED_VARIABLE = YES;
				IPHONEOS_DEPLOYMENT_TARGET = 16.1;
				MTL_ENABLE_DEBUG_INFO = NO;
				MTL_FAST_MATH = YES;
				SDKROOT = iphoneos;
				SWIFT_COMPILATION_MODE = wholemodule;
				SWIFT_OPTIMIZATION_LEVEL = "-O";
				VALIDATE_PRODUCT = YES;
			};
			name = Release;
		};
		44079263293F90C600252545 /* Debug */ = {
			isa = XCBuildConfiguration;
			baseConfigurationReference = 1985EF58FDD084BA638E4F4D /* Pods-CombineDemo.debug.xcconfig */;
			buildSettings = {
				ASSETCATALOG_COMPILER_APPICON_NAME = AppIcon;
				ASSETCATALOG_COMPILER_GLOBAL_ACCENT_COLOR_NAME = AccentColor;
				CODE_SIGN_STYLE = Automatic;
				CURRENT_PROJECT_VERSION = 1;
				GENERATE_INFOPLIST_FILE = YES;
				INFOPLIST_FILE = CombineDemo/Info.plist;
				INFOPLIST_KEY_UIApplicationSupportsIndirectInputEvents = YES;
				INFOPLIST_KEY_UILaunchStoryboardName = LaunchScreen;
				INFOPLIST_KEY_UIMainStoryboardFile = Main;
				INFOPLIST_KEY_UISupportedInterfaceOrientations_iPad = "UIInterfaceOrientationPortrait UIInterfaceOrientationPortraitUpsideDown UIInterfaceOrientationLandscapeLeft UIInterfaceOrientationLandscapeRight";
				INFOPLIST_KEY_UISupportedInterfaceOrientations_iPhone = "UIInterfaceOrientationPortrait UIInterfaceOrientationLandscapeLeft UIInterfaceOrientationLandscapeRight";
				LD_RUNPATH_SEARCH_PATHS = (
					"$(inherited)",
					"@executable_path/Frameworks",
				);
				MARKETING_VERSION = 1.0;
				PRODUCT_BUNDLE_IDENTIFIER = lxm.com.CombineDemo;
				PRODUCT_NAME = "$(TARGET_NAME)";
				SWIFT_EMIT_LOC_STRINGS = YES;
				SWIFT_VERSION = 5.0;
				TARGETED_DEVICE_FAMILY = "1,2";
			};
			name = Debug;
		};
		44079264293F90C600252545 /* Release */ = {
			isa = XCBuildConfiguration;
			baseConfigurationReference = B959BA482BCAEF1C638B9D58 /* Pods-CombineDemo.release.xcconfig */;
			buildSettings = {
				ASSETCATALOG_COMPILER_APPICON_NAME = AppIcon;
				ASSETCATALOG_COMPILER_GLOBAL_ACCENT_COLOR_NAME = AccentColor;
				CODE_SIGN_STYLE = Automatic;
				CURRENT_PROJECT_VERSION = 1;
				GENERATE_INFOPLIST_FILE = YES;
				INFOPLIST_FILE = CombineDemo/Info.plist;
				INFOPLIST_KEY_UIApplicationSupportsIndirectInputEvents = YES;
				INFOPLIST_KEY_UILaunchStoryboardName = LaunchScreen;
				INFOPLIST_KEY_UIMainStoryboardFile = Main;
				INFOPLIST_KEY_UISupportedInterfaceOrientations_iPad = "UIInterfaceOrientationPortrait UIInterfaceOrientationPortraitUpsideDown UIInterfaceOrientationLandscapeLeft UIInterfaceOrientationLandscapeRight";
				INFOPLIST_KEY_UISupportedInterfaceOrientations_iPhone = "UIInterfaceOrientationPortrait UIInterfaceOrientationLandscapeLeft UIInterfaceOrientationLandscapeRight";
				LD_RUNPATH_SEARCH_PATHS = (
					"$(inherited)",
					"@executable_path/Frameworks",
				);
				MARKETING_VERSION = 1.0;
				PRODUCT_BUNDLE_IDENTIFIER = lxm.com.CombineDemo;
				PRODUCT_NAME = "$(TARGET_NAME)";
				SWIFT_EMIT_LOC_STRINGS = YES;
				SWIFT_VERSION = 5.0;
				TARGETED_DEVICE_FAMILY = "1,2";
			};
			name = Release;
		};
/* End XCBuildConfiguration section */

/* Begin XCConfigurationList section */
		44079249293F90C400252545 /* Build configuration list for PBXProject "CombineDemo" */ = {
			isa = XCConfigurationList;
			buildConfigurations = (
				44079260293F90C600252545 /* Debug */,
				44079261293F90C600252545 /* Release */,
			);
			defaultConfigurationIsVisible = 0;
			defaultConfigurationName = Release;
		};
		44079262293F90C600252545 /* Build configuration list for PBXNativeTarget "CombineDemo" */ = {
			isa = XCConfigurationList;
			buildConfigurations = (
				44079263293F90C600252545 /* Debug */,
				44079264293F90C600252545 /* Release */,
			);
			defaultConfigurationIsVisible = 0;
			defaultConfigurationName = Release;
		};
/* End XCConfigurationList section */
	};
	rootObject = 44079246293F90C400252545 /* Project object */;
}
